// !$*UTF8*$!
{
	archiveVersion = 1;
	classes = {
	};
	objectVersion = 56;
	objects = {

/* Begin PBXBuildFile section */
		3F09B4EF2A1FDA950009ED1D /* LoadingView.swift in Sources */ = {isa = PBXBuildFile; fileRef = 3F09B4EE2A1FDA950009ED1D /* LoadingView.swift */; };
		3F09B4F12A1FDD970009ED1D /* ShoppingListView.swift in Sources */ = {isa = PBXBuildFile; fileRef = 3F09B4F02A1FDD970009ED1D /* ShoppingListView.swift */; };
		3F09B4F32A1FE28F0009ED1D /* AppInitializer.swift in Sources */ = {isa = PBXBuildFile; fileRef = 3F09B4F22A1FE28F0009ED1D /* AppInitializer.swift */; };
		3F09B4F62A1FE7EE0009ED1D /* ShoppingList.swift in Sources */ = {isa = PBXBuildFile; fileRef = 3F09B4F52A1FE7EE0009ED1D /* ShoppingList.swift */; };
		3F0D73782A4CB11000B46AD1 /* DisclaimerView.swift in Sources */ = {isa = PBXBuildFile; fileRef = 3F0D73772A4CB11000B46AD1 /* DisclaimerView.swift */; };
		3F1E7EF52A44BB3A0032FC0B /* UserSession.swift in Sources */ = {isa = PBXBuildFile; fileRef = 3F1E7EF42A44BB3A0032FC0B /* UserSession.swift */; };
		3F41613A2A3EA4B100E70EEB /* ListConverter.swift in Sources */ = {isa = PBXBuildFile; fileRef = 3F4161392A3EA4B100E70EEB /* ListConverter.swift */; };
		3F606F052A005D9A0054331B /* DoopsApp.swift in Sources */ = {isa = PBXBuildFile; fileRef = 3F606F042A005D9A0054331B /* DoopsApp.swift */; };
		3F606F072A005D9A0054331B /* ContentView.swift in Sources */ = {isa = PBXBuildFile; fileRef = 3F606F062A005D9A0054331B /* ContentView.swift */; };
		3F606F092A005D9B0054331B /* Assets.xcassets in Resources */ = {isa = PBXBuildFile; fileRef = 3F606F082A005D9B0054331B /* Assets.xcassets */; };
		3F606F0C2A005D9B0054331B /* Preview Assets.xcassets in Resources */ = {isa = PBXBuildFile; fileRef = 3F606F0B2A005D9B0054331B /* Preview Assets.xcassets */; };
		3F606F0E2A005D9B0054331B /* Persistence.swift in Sources */ = {isa = PBXBuildFile; fileRef = 3F606F0D2A005D9B0054331B /* Persistence.swift */; };
		3F606F112A005D9B0054331B /* Doops.xcdatamodeld in Sources */ = {isa = PBXBuildFile; fileRef = 3F606F0F2A005D9B0054331B /* Doops.xcdatamodeld */; };
		3F6F44442A42986B0023EDB9 /* Initialization.swift in Sources */ = {isa = PBXBuildFile; fileRef = 3F6F44432A42986B0023EDB9 /* Initialization.swift */; };
		3F73DE942A2ECFB20018CE78 /* ParcloSerif-Regular.ttf in Resources */ = {isa = PBXBuildFile; fileRef = 3F73DE932A2ECFB00018CE78 /* ParcloSerif-Regular.ttf */; };
		3F73DE9C2A2ED0550018CE78 /* ParcloSerif-Bold.ttf in Resources */ = {isa = PBXBuildFile; fileRef = 3F73DE962A2ED0550018CE78 /* ParcloSerif-Bold.ttf */; };
		3F73DE9D2A2ED0550018CE78 /* ParcloSerif-Medium.ttf in Resources */ = {isa = PBXBuildFile; fileRef = 3F73DE972A2ED0550018CE78 /* ParcloSerif-Medium.ttf */; };
		3F73DE9E2A2ED0550018CE78 /* ParcloSerif-ExtraBlack.ttf in Resources */ = {isa = PBXBuildFile; fileRef = 3F73DE982A2ED0550018CE78 /* ParcloSerif-ExtraBlack.ttf */; };
		3F73DE9F2A2ED0550018CE78 /* ParcloSerif-Black.ttf in Resources */ = {isa = PBXBuildFile; fileRef = 3F73DE992A2ED0550018CE78 /* ParcloSerif-Black.ttf */; };
		3F73DEA12A2ED0550018CE78 /* ParcloSerif-Italic.ttf in Resources */ = {isa = PBXBuildFile; fileRef = 3F73DE9B2A2ED0550018CE78 /* ParcloSerif-Italic.ttf */; };
		3F9EC0FD2A41F2BD000358A1 /* Product.swift in Sources */ = {isa = PBXBuildFile; fileRef = 3F9EC0FC2A41F2BD000358A1 /* Product.swift */; };
		3F9EC0FF2A41F2D2000358A1 /* SortedItems.swift in Sources */ = {isa = PBXBuildFile; fileRef = 3F9EC0FE2A41F2D2000358A1 /* SortedItems.swift */; };
		3F9EC1012A41F2E6000358A1 /* UpdateQueue.swift in Sources */ = {isa = PBXBuildFile; fileRef = 3F9EC1002A41F2E6000358A1 /* UpdateQueue.swift */; };
		3F9EC1032A420644000358A1 /* Conversation.swift in Sources */ = {isa = PBXBuildFile; fileRef = 3F9EC1022A420644000358A1 /* Conversation.swift */; };
		3F9EC1052A42066C000358A1 /* CopilotManager.swift in Sources */ = {isa = PBXBuildFile; fileRef = 3F9EC1042A42066C000358A1 /* CopilotManager.swift */; };
		3FC8F1982A36C94C008DAB79 /* KeyboardAdaptive.swift in Sources */ = {isa = PBXBuildFile; fileRef = 3FC8F1972A36C94C008DAB79 /* KeyboardAdaptive.swift */; };
		3FD6B19C2A00B109004B1F33 /* APIClient.swift in Sources */ = {isa = PBXBuildFile; fileRef = 3FD6B19B2A00B109004B1F33 /* APIClient.swift */; };
		3FF80F402A141D0A00C02D70 /* MessageView.swift in Sources */ = {isa = PBXBuildFile; fileRef = 3FF80F3F2A141D0A00C02D70 /* MessageView.swift */; };
		3FF80F422A141D4A00C02D70 /* ConversationView.swift in Sources */ = {isa = PBXBuildFile; fileRef = 3FF80F412A141D4A00C02D70 /* ConversationView.swift */; };
		3FF80F492A14221900C02D70 /* UserInputView.swift in Sources */ = {isa = PBXBuildFile; fileRef = 3FF80F482A14221900C02D70 /* UserInputView.swift */; };
/* End PBXBuildFile section */

/* Begin PBXFileReference section */
		3F09B4EE2A1FDA950009ED1D /* LoadingView.swift */ = {isa = PBXFileReference; lastKnownFileType = sourcecode.swift; path = LoadingView.swift; sourceTree = "<group>"; };
		3F09B4F02A1FDD970009ED1D /* ShoppingListView.swift */ = {isa = PBXFileReference; lastKnownFileType = sourcecode.swift; path = ShoppingListView.swift; sourceTree = "<group>"; };
		3F09B4F22A1FE28F0009ED1D /* AppInitializer.swift */ = {isa = PBXFileReference; lastKnownFileType = sourcecode.swift; path = AppInitializer.swift; sourceTree = "<group>"; };
		3F09B4F52A1FE7EE0009ED1D /* ShoppingList.swift */ = {isa = PBXFileReference; lastKnownFileType = sourcecode.swift; path = ShoppingList.swift; sourceTree = "<group>"; };
		3F0D73772A4CB11000B46AD1 /* DisclaimerView.swift */ = {isa = PBXFileReference; lastKnownFileType = sourcecode.swift; path = DisclaimerView.swift; sourceTree = "<group>"; };
		3F1E7EF42A44BB3A0032FC0B /* UserSession.swift */ = {isa = PBXFileReference; lastKnownFileType = sourcecode.swift; path = UserSession.swift; sourceTree = "<group>"; };
		3F4161392A3EA4B100E70EEB /* ListConverter.swift */ = {isa = PBXFileReference; lastKnownFileType = sourcecode.swift; path = ListConverter.swift; sourceTree = "<group>"; };
		3F606F012A005D9A0054331B /* Doops.app */ = {isa = PBXFileReference; explicitFileType = wrapper.application; includeInIndex = 0; path = Doops.app; sourceTree = BUILT_PRODUCTS_DIR; };
		3F606F042A005D9A0054331B /* DoopsApp.swift */ = {isa = PBXFileReference; lastKnownFileType = sourcecode.swift; path = DoopsApp.swift; sourceTree = "<group>"; };
		3F606F062A005D9A0054331B /* ContentView.swift */ = {isa = PBXFileReference; lastKnownFileType = sourcecode.swift; path = ContentView.swift; sourceTree = "<group>"; };
		3F606F082A005D9B0054331B /* Assets.xcassets */ = {isa = PBXFileReference; lastKnownFileType = folder.assetcatalog; path = Assets.xcassets; sourceTree = "<group>"; };
		3F606F0B2A005D9B0054331B /* Preview Assets.xcassets */ = {isa = PBXFileReference; lastKnownFileType = folder.assetcatalog; path = "Preview Assets.xcassets"; sourceTree = "<group>"; };
		3F606F0D2A005D9B0054331B /* Persistence.swift */ = {isa = PBXFileReference; lastKnownFileType = sourcecode.swift; path = Persistence.swift; sourceTree = "<group>"; };
		3F606F102A005D9B0054331B /* Doops.xcdatamodel */ = {isa = PBXFileReference; lastKnownFileType = wrapper.xcdatamodel; path = Doops.xcdatamodel; sourceTree = "<group>"; };
		3F6F44432A42986B0023EDB9 /* Initialization.swift */ = {isa = PBXFileReference; lastKnownFileType = sourcecode.swift; path = Initialization.swift; sourceTree = "<group>"; };
		3F73DE932A2ECFB00018CE78 /* ParcloSerif-Regular.ttf */ = {isa = PBXFileReference; lastKnownFileType = file; path = "ParcloSerif-Regular.ttf"; sourceTree = "<group>"; };
		3F73DE962A2ED0550018CE78 /* ParcloSerif-Bold.ttf */ = {isa = PBXFileReference; lastKnownFileType = file; path = "ParcloSerif-Bold.ttf"; sourceTree = "<group>"; };
		3F73DE972A2ED0550018CE78 /* ParcloSerif-Medium.ttf */ = {isa = PBXFileReference; lastKnownFileType = file; path = "ParcloSerif-Medium.ttf"; sourceTree = "<group>"; };
		3F73DE982A2ED0550018CE78 /* ParcloSerif-ExtraBlack.ttf */ = {isa = PBXFileReference; lastKnownFileType = file; path = "ParcloSerif-ExtraBlack.ttf"; sourceTree = "<group>"; };
		3F73DE992A2ED0550018CE78 /* ParcloSerif-Black.ttf */ = {isa = PBXFileReference; lastKnownFileType = file; path = "ParcloSerif-Black.ttf"; sourceTree = "<group>"; };
		3F73DE9B2A2ED0550018CE78 /* ParcloSerif-Italic.ttf */ = {isa = PBXFileReference; lastKnownFileType = file; path = "ParcloSerif-Italic.ttf"; sourceTree = "<group>"; };
		3F9EC0FC2A41F2BD000358A1 /* Product.swift */ = {isa = PBXFileReference; lastKnownFileType = sourcecode.swift; path = Product.swift; sourceTree = "<group>"; };
		3F9EC0FE2A41F2D2000358A1 /* SortedItems.swift */ = {isa = PBXFileReference; lastKnownFileType = sourcecode.swift; path = SortedItems.swift; sourceTree = "<group>"; };
		3F9EC1002A41F2E6000358A1 /* UpdateQueue.swift */ = {isa = PBXFileReference; lastKnownFileType = sourcecode.swift; path = UpdateQueue.swift; sourceTree = "<group>"; };
		3F9EC1022A420644000358A1 /* Conversation.swift */ = {isa = PBXFileReference; lastKnownFileType = sourcecode.swift; path = Conversation.swift; sourceTree = "<group>"; };
		3F9EC1042A42066C000358A1 /* CopilotManager.swift */ = {isa = PBXFileReference; lastKnownFileType = sourcecode.swift; path = CopilotManager.swift; sourceTree = "<group>"; };
		3FC8F1972A36C94C008DAB79 /* KeyboardAdaptive.swift */ = {isa = PBXFileReference; lastKnownFileType = sourcecode.swift; path = KeyboardAdaptive.swift; sourceTree = "<group>"; };
		3FD6B19B2A00B109004B1F33 /* APIClient.swift */ = {isa = PBXFileReference; lastKnownFileType = sourcecode.swift; path = APIClient.swift; sourceTree = "<group>"; };
		3FE805852A0BF54700B4BDDB /* Info.plist */ = {isa = PBXFileReference; lastKnownFileType = text.plist; path = Info.plist; sourceTree = "<group>"; };
		3FF80F3F2A141D0A00C02D70 /* MessageView.swift */ = {isa = PBXFileReference; lastKnownFileType = sourcecode.swift; path = MessageView.swift; sourceTree = "<group>"; };
		3FF80F412A141D4A00C02D70 /* ConversationView.swift */ = {isa = PBXFileReference; lastKnownFileType = sourcecode.swift; path = ConversationView.swift; sourceTree = "<group>"; };
		3FF80F482A14221900C02D70 /* UserInputView.swift */ = {isa = PBXFileReference; lastKnownFileType = sourcecode.swift; path = UserInputView.swift; sourceTree = "<group>"; };
/* End PBXFileReference section */

/* Begin PBXFrameworksBuildPhase section */
		3F606EFE2A005D9A0054331B /* Frameworks */ = {
			isa = PBXFrameworksBuildPhase;
			buildActionMask = 2147483647;
			files = (
			);
			runOnlyForDeploymentPostprocessing = 0;
		};
/* End PBXFrameworksBuildPhase section */

/* Begin PBXGroup section */
		3F09B4F42A1FE7D40009ED1D /* Models */ = {
			isa = PBXGroup;
			children = (
				3FD7129B2A42977D0086EE1E /* Conversation Data */,
				3FD7129A2A4291FC0086EE1E /* Shopping List */,
				3F1E7EF42A44BB3A0032FC0B /* UserSession.swift */,
			);
			path = Models;
			sourceTree = "<group>";
		};
		3F606EF82A005D9A0054331B = {
			isa = PBXGroup;
			children = (
				3F606F032A005D9A0054331B /* Aisle Five */,
				3F606F022A005D9A0054331B /* Products */,
			);
			sourceTree = "<group>";
		};
		3F606F022A005D9A0054331B /* Products */ = {
			isa = PBXGroup;
			children = (
				3F606F012A005D9A0054331B /* Doops.app */,
			);
			name = Products;
			sourceTree = "<group>";
		};
		3F606F032A005D9A0054331B /* Aisle Five */ = {
			isa = PBXGroup;
			children = (
				3FE805852A0BF54700B4BDDB /* Info.plist */,
				3F606F082A005D9B0054331B /* Assets.xcassets */,
				3F606F0F2A005D9B0054331B /* Doops.xcdatamodeld */,
				3F606F042A005D9A0054331B /* DoopsApp.swift */,
				3F73DE952A2ED0330018CE78 /* Font */,
				3F09B4F42A1FE7D40009ED1D /* Models */,
				3FF80F472A1421F800C02D70 /* Views */,
				3FC8F1942A36BED9008DAB79 /* Helpers */,
				3F606F0A2A005D9B0054331B /* Preview Content */,
			);
			path = "Aisle Five";
			sourceTree = "<group>";
		};
		3F606F0A2A005D9B0054331B /* Preview Content */ = {
			isa = PBXGroup;
			children = (
				3F606F0B2A005D9B0054331B /* Preview Assets.xcassets */,
			);
			path = "Preview Content";
			sourceTree = "<group>";
		};
		3F73DE952A2ED0330018CE78 /* Font */ = {
			isa = PBXGroup;
			children = (
				3F73DE932A2ECFB00018CE78 /* ParcloSerif-Regular.ttf */,
				3F73DE972A2ED0550018CE78 /* ParcloSerif-Medium.ttf */,
				3F73DE962A2ED0550018CE78 /* ParcloSerif-Bold.ttf */,
				3F73DE992A2ED0550018CE78 /* ParcloSerif-Black.ttf */,
				3F73DE982A2ED0550018CE78 /* ParcloSerif-ExtraBlack.ttf */,
				3F73DE9B2A2ED0550018CE78 /* ParcloSerif-Italic.ttf */,
			);
			path = Font;
			sourceTree = "<group>";
		};
		3FC8F1942A36BED9008DAB79 /* Helpers */ = {
			isa = PBXGroup;
			children = (
				3F09B4F22A1FE28F0009ED1D /* AppInitializer.swift */,
				3F606F0D2A005D9B0054331B /* Persistence.swift */,
				3FD6B19B2A00B109004B1F33 /* APIClient.swift */,
				3FC8F1972A36C94C008DAB79 /* KeyboardAdaptive.swift */,
				3F4161392A3EA4B100E70EEB /* ListConverter.swift */,
				3F9EC1042A42066C000358A1 /* CopilotManager.swift */,
			);
			path = Helpers;
			sourceTree = "<group>";
		};
		3FC8F1992A36D8C1008DAB79 /* ConversationComponents */ = {
			isa = PBXGroup;
			children = (
				3FF80F3F2A141D0A00C02D70 /* MessageView.swift */,
				3FF80F482A14221900C02D70 /* UserInputView.swift */,
				3F0D73772A4CB11000B46AD1 /* DisclaimerView.swift */,
			);
			path = ConversationComponents;
			sourceTree = "<group>";
		};
		3FD7129A2A4291FC0086EE1E /* Shopping List */ = {
			isa = PBXGroup;
			children = (
				3F9EC0FC2A41F2BD000358A1 /* Product.swift */,
				3F09B4F52A1FE7EE0009ED1D /* ShoppingList.swift */,
				3F9EC0FE2A41F2D2000358A1 /* SortedItems.swift */,
				3F9EC1002A41F2E6000358A1 /* UpdateQueue.swift */,
			);
			path = "Shopping List";
			sourceTree = "<group>";
		};
		3FD7129B2A42977D0086EE1E /* Conversation Data */ = {
			isa = PBXGroup;
			children = (
				3F6F44432A42986B0023EDB9 /* Initialization.swift */,
				3F9EC1022A420644000358A1 /* Conversation.swift */,
			);
			path = "Conversation Data";
			sourceTree = "<group>";
		};
		3FF80F472A1421F800C02D70 /* Views */ = {
			isa = PBXGroup;
			children = (
				3F09B4EE2A1FDA950009ED1D /* LoadingView.swift */,
				3F606F062A005D9A0054331B /* ContentView.swift */,
				3FF80F412A141D4A00C02D70 /* ConversationView.swift */,
				3FC8F1992A36D8C1008DAB79 /* ConversationComponents */,
				3F09B4F02A1FDD970009ED1D /* ShoppingListView.swift */,
			);
			path = Views;
			sourceTree = "<group>";
		};
/* End PBXGroup section */

/* Begin PBXNativeTarget section */
		3F606F002A005D9A0054331B /* Doops */ = {
			isa = PBXNativeTarget;
			buildConfigurationList = 3F606F142A005D9B0054331B /* Build configuration list for PBXNativeTarget "Doops" */;
			buildPhases = (
				3F606EFD2A005D9A0054331B /* Sources */,
				3F606EFE2A005D9A0054331B /* Frameworks */,
				3F606EFF2A005D9A0054331B /* Resources */,
			);
			buildRules = (
			);
			dependencies = (
			);
			name = Doops;
			productName = Doops;
			productReference = 3F606F012A005D9A0054331B /* Doops.app */;
			productType = "com.apple.product-type.application";
		};
/* End PBXNativeTarget section */

/* Begin PBXProject section */
		3F606EF92A005D9A0054331B /* Project object */ = {
			isa = PBXProject;
			attributes = {
				BuildIndependentTargetsInParallel = 1;
				LastSwiftUpdateCheck = 1430;
				LastUpgradeCheck = 1430;
				TargetAttributes = {
					3F606F002A005D9A0054331B = {
						CreatedOnToolsVersion = 14.3;
					};
				};
			};
			buildConfigurationList = 3F606EFC2A005D9A0054331B /* Build configuration list for PBXProject "Aisle Five" */;
			compatibilityVersion = "Xcode 14.0";
			developmentRegion = en;
			hasScannedForEncodings = 0;
			knownRegions = (
				en,
				Base,
			);
			mainGroup = 3F606EF82A005D9A0054331B;
			productRefGroup = 3F606F022A005D9A0054331B /* Products */;
			projectDirPath = "";
			projectRoot = "";
			targets = (
				3F606F002A005D9A0054331B /* Doops */,
			);
		};
/* End PBXProject section */

/* Begin PBXResourcesBuildPhase section */
		3F606EFF2A005D9A0054331B /* Resources */ = {
			isa = PBXResourcesBuildPhase;
			buildActionMask = 2147483647;
			files = (
				3F73DE9E2A2ED0550018CE78 /* ParcloSerif-ExtraBlack.ttf in Resources */,
				3F73DE9D2A2ED0550018CE78 /* ParcloSerif-Medium.ttf in Resources */,
				3F73DE9C2A2ED0550018CE78 /* ParcloSerif-Bold.ttf in Resources */,
				3F73DE942A2ECFB20018CE78 /* ParcloSerif-Regular.ttf in Resources */,
				3F73DEA12A2ED0550018CE78 /* ParcloSerif-Italic.ttf in Resources */,
				3F606F0C2A005D9B0054331B /* Preview Assets.xcassets in Resources */,
				3F606F092A005D9B0054331B /* Assets.xcassets in Resources */,
				3F73DE9F2A2ED0550018CE78 /* ParcloSerif-Black.ttf in Resources */,
			);
			runOnlyForDeploymentPostprocessing = 0;
		};
/* End PBXResourcesBuildPhase section */

/* Begin PBXSourcesBuildPhase section */
		3F606EFD2A005D9A0054331B /* Sources */ = {
			isa = PBXSourcesBuildPhase;
			buildActionMask = 2147483647;
			files = (
				3FC8F1982A36C94C008DAB79 /* KeyboardAdaptive.swift in Sources */,
				3F9EC1012A41F2E6000358A1 /* UpdateQueue.swift in Sources */,
				3F606F0E2A005D9B0054331B /* Persistence.swift in Sources */,
				3F1E7EF52A44BB3A0032FC0B /* UserSession.swift in Sources */,
				3F6F44442A42986B0023EDB9 /* Initialization.swift in Sources */,
				3F0D73782A4CB11000B46AD1 /* DisclaimerView.swift in Sources */,
				3F9EC0FD2A41F2BD000358A1 /* Product.swift in Sources */,
				3F606F072A005D9A0054331B /* ContentView.swift in Sources */,
				3F09B4F32A1FE28F0009ED1D /* AppInitializer.swift in Sources */,
				3F606F052A005D9A0054331B /* DoopsApp.swift in Sources */,
				3F606F112A005D9B0054331B /* Doops.xcdatamodeld in Sources */,
				3F09B4EF2A1FDA950009ED1D /* LoadingView.swift in Sources */,
				3F09B4F62A1FE7EE0009ED1D /* ShoppingList.swift in Sources */,
				3FF80F402A141D0A00C02D70 /* MessageView.swift in Sources */,
				3F9EC1032A420644000358A1 /* Conversation.swift in Sources */,
				3FF80F492A14221900C02D70 /* UserInputView.swift in Sources */,
				3F09B4F12A1FDD970009ED1D /* ShoppingListView.swift in Sources */,
				3FD6B19C2A00B109004B1F33 /* APIClient.swift in Sources */,
				3F41613A2A3EA4B100E70EEB /* ListConverter.swift in Sources */,
				3F9EC1052A42066C000358A1 /* CopilotManager.swift in Sources */,
				3FF80F422A141D4A00C02D70 /* ConversationView.swift in Sources */,
				3F9EC0FF2A41F2D2000358A1 /* SortedItems.swift in Sources */,
			);
			runOnlyForDeploymentPostprocessing = 0;
		};
/* End PBXSourcesBuildPhase section */

/* Begin XCBuildConfiguration section */
		3F606F122A005D9B0054331B /* Debug */ = {
			isa = XCBuildConfiguration;
			buildSettings = {
				ALWAYS_SEARCH_USER_PATHS = NO;
				CLANG_ANALYZER_NONNULL = YES;
				CLANG_ANALYZER_NUMBER_OBJECT_CONVERSION = YES_AGGRESSIVE;
				CLANG_CXX_LANGUAGE_STANDARD = "gnu++20";
				CLANG_ENABLE_MODULES = YES;
				CLANG_ENABLE_OBJC_ARC = YES;
				CLANG_ENABLE_OBJC_WEAK = YES;
				CLANG_WARN_BLOCK_CAPTURE_AUTORELEASING = YES;
				CLANG_WARN_BOOL_CONVERSION = YES;
				CLANG_WARN_COMMA = YES;
				CLANG_WARN_CONSTANT_CONVERSION = YES;
				CLANG_WARN_DEPRECATED_OBJC_IMPLEMENTATIONS = YES;
				CLANG_WARN_DIRECT_OBJC_ISA_USAGE = YES_ERROR;
				CLANG_WARN_DOCUMENTATION_COMMENTS = YES;
				CLANG_WARN_EMPTY_BODY = YES;
				CLANG_WARN_ENUM_CONVERSION = YES;
				CLANG_WARN_INFINITE_RECURSION = YES;
				CLANG_WARN_INT_CONVERSION = YES;
				CLANG_WARN_NON_LITERAL_NULL_CONVERSION = YES;
				CLANG_WARN_OBJC_IMPLICIT_RETAIN_SELF = YES;
				CLANG_WARN_OBJC_LITERAL_CONVERSION = YES;
				CLANG_WARN_OBJC_ROOT_CLASS = YES_ERROR;
				CLANG_WARN_QUOTED_INCLUDE_IN_FRAMEWORK_HEADER = YES;
				CLANG_WARN_RANGE_LOOP_ANALYSIS = YES;
				CLANG_WARN_STRICT_PROTOTYPES = YES;
				CLANG_WARN_SUSPICIOUS_MOVE = YES;
				CLANG_WARN_UNGUARDED_AVAILABILITY = YES_AGGRESSIVE;
				CLANG_WARN_UNREACHABLE_CODE = YES;
				CLANG_WARN__DUPLICATE_METHOD_MATCH = YES;
				CODE_SIGN_IDENTITY = "Apple Development";
				COPY_PHASE_STRIP = NO;
				DEBUG_INFORMATION_FORMAT = dwarf;
				ENABLE_STRICT_OBJC_MSGSEND = YES;
				ENABLE_TESTABILITY = YES;
				GCC_C_LANGUAGE_STANDARD = gnu11;
				GCC_DYNAMIC_NO_PIC = NO;
				GCC_NO_COMMON_BLOCKS = YES;
				GCC_OPTIMIZATION_LEVEL = 0;
				GCC_PREPROCESSOR_DEFINITIONS = (
					"DEBUG=1",
					"$(inherited)",
				);
				GCC_WARN_64_TO_32_BIT_CONVERSION = YES;
				GCC_WARN_ABOUT_RETURN_TYPE = YES_ERROR;
				GCC_WARN_UNDECLARED_SELECTOR = YES;
				GCC_WARN_UNINITIALIZED_AUTOS = YES_AGGRESSIVE;
				GCC_WARN_UNUSED_FUNCTION = YES;
				GCC_WARN_UNUSED_VARIABLE = YES;
				IPHONEOS_DEPLOYMENT_TARGET = 16.4;
				MTL_ENABLE_DEBUG_INFO = INCLUDE_SOURCE;
				MTL_FAST_MATH = YES;
				ONLY_ACTIVE_ARCH = YES;
				SDKROOT = iphoneos;
				SWIFT_ACTIVE_COMPILATION_CONDITIONS = DEBUG;
				SWIFT_OPTIMIZATION_LEVEL = "-Onone";
			};
			name = Debug;
		};
		3F606F132A005D9B0054331B /* Release */ = {
			isa = XCBuildConfiguration;
			buildSettings = {
				ALWAYS_SEARCH_USER_PATHS = NO;
				CLANG_ANALYZER_NONNULL = YES;
				CLANG_ANALYZER_NUMBER_OBJECT_CONVERSION = YES_AGGRESSIVE;
				CLANG_CXX_LANGUAGE_STANDARD = "gnu++20";
				CLANG_ENABLE_MODULES = YES;
				CLANG_ENABLE_OBJC_ARC = YES;
				CLANG_ENABLE_OBJC_WEAK = YES;
				CLANG_WARN_BLOCK_CAPTURE_AUTORELEASING = YES;
				CLANG_WARN_BOOL_CONVERSION = YES;
				CLANG_WARN_COMMA = YES;
				CLANG_WARN_CONSTANT_CONVERSION = YES;
				CLANG_WARN_DEPRECATED_OBJC_IMPLEMENTATIONS = YES;
				CLANG_WARN_DIRECT_OBJC_ISA_USAGE = YES_ERROR;
				CLANG_WARN_DOCUMENTATION_COMMENTS = YES;
				CLANG_WARN_EMPTY_BODY = YES;
				CLANG_WARN_ENUM_CONVERSION = YES;
				CLANG_WARN_INFINITE_RECURSION = YES;
				CLANG_WARN_INT_CONVERSION = YES;
				CLANG_WARN_NON_LITERAL_NULL_CONVERSION = YES;
				CLANG_WARN_OBJC_IMPLICIT_RETAIN_SELF = YES;
				CLANG_WARN_OBJC_LITERAL_CONVERSION = YES;
				CLANG_WARN_OBJC_ROOT_CLASS = YES_ERROR;
				CLANG_WARN_QUOTED_INCLUDE_IN_FRAMEWORK_HEADER = YES;
				CLANG_WARN_RANGE_LOOP_ANALYSIS = YES;
				CLANG_WARN_STRICT_PROTOTYPES = YES;
				CLANG_WARN_SUSPICIOUS_MOVE = YES;
				CLANG_WARN_UNGUARDED_AVAILABILITY = YES_AGGRESSIVE;
				CLANG_WARN_UNREACHABLE_CODE = YES;
				CLANG_WARN__DUPLICATE_METHOD_MATCH = YES;
				CODE_SIGN_IDENTITY = "Apple Development";
				COPY_PHASE_STRIP = NO;
				DEBUG_INFORMATION_FORMAT = "dwarf-with-dsym";
				ENABLE_NS_ASSERTIONS = NO;
				ENABLE_STRICT_OBJC_MSGSEND = YES;
				GCC_C_LANGUAGE_STANDARD = gnu11;
				GCC_NO_COMMON_BLOCKS = YES;
				GCC_WARN_64_TO_32_BIT_CONVERSION = YES;
				GCC_WARN_ABOUT_RETURN_TYPE = YES_ERROR;
				GCC_WARN_UNDECLARED_SELECTOR = YES;
				GCC_WARN_UNINITIALIZED_AUTOS = YES_AGGRESSIVE;
				GCC_WARN_UNUSED_FUNCTION = YES;
				GCC_WARN_UNUSED_VARIABLE = YES;
				IPHONEOS_DEPLOYMENT_TARGET = 16.4;
				MTL_ENABLE_DEBUG_INFO = NO;
				MTL_FAST_MATH = YES;
				SDKROOT = iphoneos;
				SWIFT_COMPILATION_MODE = wholemodule;
				SWIFT_OPTIMIZATION_LEVEL = "-O";
				VALIDATE_PRODUCT = YES;
			};
			name = Release;
		};
		3F606F152A005D9B0054331B /* Debug */ = {
			isa = XCBuildConfiguration;
			buildSettings = {
				ASSETCATALOG_COMPILER_APPICON_NAME = AppIcon;
				ASSETCATALOG_COMPILER_GLOBAL_ACCENT_COLOR_NAME = AccentColor;
				CODE_SIGN_IDENTITY = "Apple Development";
				CODE_SIGN_STYLE = Automatic;
				CURRENT_PROJECT_VERSION = 1.1;
				DEVELOPMENT_ASSET_PATHS = "\"Aisle Five/Preview Content\"";
				DEVELOPMENT_TEAM = WQ2P89MQU3;
				ENABLE_PREVIEWS = YES;
				GENERATE_INFOPLIST_FILE = YES;
				INFOPLIST_FILE = "Aisle Five/Info.plist";
				INFOPLIST_KEY_CFBundleDisplayName = "Aisle Five";
				INFOPLIST_KEY_LSApplicationCategoryType = "public.app-category.shopping";
				INFOPLIST_KEY_NSCameraUsageDescription = "Let me use please.";
				INFOPLIST_KEY_UIApplicationSceneManifest_Generation = YES;
				INFOPLIST_KEY_UIApplicationSupportsIndirectInputEvents = YES;
				INFOPLIST_KEY_UILaunchScreen_Generation = YES;
				INFOPLIST_KEY_UISupportedInterfaceOrientations = UIInterfaceOrientationPortrait;
				INFOPLIST_KEY_UIUserInterfaceStyle = Light;
				LD_RUNPATH_SEARCH_PATHS = (
					"$(inherited)",
					"@executable_path/Frameworks",
				);
				MARKETING_VERSION = 1.2;
				PRODUCT_BUNDLE_IDENTIFIER = us.aislefive.app;
				PRODUCT_NAME = "$(TARGET_NAME)";
				PROVISIONING_PROFILE_SPECIFIER = "";
				SUPPORTED_PLATFORMS = "iphoneos iphonesimulator";
				SUPPORTS_MACCATALYST = NO;
				SUPPORTS_MAC_DESIGNED_FOR_IPHONE_IPAD = NO;
				SWIFT_EMIT_LOC_STRINGS = YES;
				SWIFT_VERSION = 5.0;
				TARGETED_DEVICE_FAMILY = 1;
			};
			name = Debug;
		};
		3F606F162A005D9B0054331B /* Release */ = {
			isa = XCBuildConfiguration;
			buildSettings = {
				ASSETCATALOG_COMPILER_APPICON_NAME = AppIcon;
				ASSETCATALOG_COMPILER_GLOBAL_ACCENT_COLOR_NAME = AccentColor;
				CODE_SIGN_IDENTITY = "Apple Development";
				CODE_SIGN_STYLE = Automatic;
				CURRENT_PROJECT_VERSION = 1.1;
				DEVELOPMENT_ASSET_PATHS = "\"Aisle Five/Preview Content\"";
				DEVELOPMENT_TEAM = WQ2P89MQU3;
				ENABLE_PREVIEWS = YES;
				GENERATE_INFOPLIST_FILE = YES;
				INFOPLIST_FILE = "Aisle Five/Info.plist";
				INFOPLIST_KEY_CFBundleDisplayName = "Aisle Five";
				INFOPLIST_KEY_LSApplicationCategoryType = "public.app-category.shopping";
				INFOPLIST_KEY_NSCameraUsageDescription = "Let me use please.";
				INFOPLIST_KEY_UIApplicationSceneManifest_Generation = YES;
				INFOPLIST_KEY_UIApplicationSupportsIndirectInputEvents = YES;
				INFOPLIST_KEY_UILaunchScreen_Generation = YES;
				INFOPLIST_KEY_UISupportedInterfaceOrientations = UIInterfaceOrientationPortrait;
				INFOPLIST_KEY_UIUserInterfaceStyle = Light;
				LD_RUNPATH_SEARCH_PATHS = (
					"$(inherited)",
					"@executable_path/Frameworks",
				);
				MARKETING_VERSION = 1.2;
				PRODUCT_BUNDLE_IDENTIFIER = us.aislefive.app;
				PRODUCT_NAME = "$(TARGET_NAME)";
				PROVISIONING_PROFILE_SPECIFIER = "";
				SUPPORTED_PLATFORMS = "iphoneos iphonesimulator";
				SUPPORTS_MACCATALYST = NO;
				SUPPORTS_MAC_DESIGNED_FOR_IPHONE_IPAD = NO;
				SWIFT_EMIT_LOC_STRINGS = YES;
				SWIFT_VERSION = 5.0;
				TARGETED_DEVICE_FAMILY = 1;
			};
			name = Release;
		};
/* End XCBuildConfiguration section */

/* Begin XCConfigurationList section */
		3F606EFC2A005D9A0054331B /* Build configuration list for PBXProject "Aisle Five" */ = {
			isa = XCConfigurationList;
			buildConfigurations = (
				3F606F122A005D9B0054331B /* Debug */,
				3F606F132A005D9B0054331B /* Release */,
			);
			defaultConfigurationIsVisible = 0;
			defaultConfigurationName = Release;
		};
		3F606F142A005D9B0054331B /* Build configuration list for PBXNativeTarget "Doops" */ = {
			isa = XCConfigurationList;
			buildConfigurations = (
				3F606F152A005D9B0054331B /* Debug */,
				3F606F162A005D9B0054331B /* Release */,
			);
			defaultConfigurationIsVisible = 0;
			defaultConfigurationName = Release;
		};
/* End XCConfigurationList section */

/* Begin XCVersionGroup section */
		3F606F0F2A005D9B0054331B /* Doops.xcdatamodeld */ = {
			isa = XCVersionGroup;
			children = (
				3F606F102A005D9B0054331B /* Doops.xcdatamodel */,
			);
			currentVersion = 3F606F102A005D9B0054331B /* Doops.xcdatamodel */;
			path = Doops.xcdatamodeld;
			sourceTree = "<group>";
			versionGroupType = wrapper.xcdatamodel;
		};
/* End XCVersionGroup section */
	};
	rootObject = 3F606EF92A005D9A0054331B /* Project object */;
}
